
Microsoft Visual Studio Solution File, Format Version 12.00
# Visual Studio Version 17
VisualStudioVersion = 17.6.33815.320
MinimumVisualStudioVersion = 10.0.40219.1
Project("{9A19103F-16F7-4668-BE54-9A1E7A4F7556}") = "EShopSolution.WebApp", "EShopSolution.WebApp\EShopSolution.WebApp.csproj", "{5E8570A7-1EC5-44A1-A231-A53E463F4761}"
EndProject
Project("{2150E333-8FDC-42A3-9474-1A3956D46DE8}") = "Solution Items", "Solution Items", "{4692C306-D1CA-40D4-8978-135CF44274A9}"
	ProjectSection(SolutionItems) = preProject
		README.MD = README.MD
	EndProjectSection
EndProject
Project("{9A19103F-16F7-4668-BE54-9A1E7A4F7556}") = "EShopSolution.Data", "EShopSolution.Data\EShopSolution.Data.csproj", "{ACDA5A04-3DE2-44F0-8C67-97F7DAC7D896}"
EndProject
Project("{9A19103F-16F7-4668-BE54-9A1E7A4F7556}") = "EShopSolution.Application", "EShopSolution.Application\EShopSolution.Application.csproj", "{C380E51D-A9F7-4FF1-BE41-EC1F42B4F394}"
EndProject
Project("{FAE04EC0-301F-11D3-BF4B-00C04F79EFBC}") = "EShopSolution.Entities", "EShopSolution.Entities\EShopSolution.Entities.csproj", "{7AF5C1C2-5413-4E65-A529-3DAC5C6E3078}"
EndProject
Global
	GlobalSection(SolutionConfigurationPlatforms) = preSolution
		Debug|Any CPU = Debug|Any CPU
		Release|Any CPU = Release|Any CPU
	EndGlobalSection
	GlobalSection(ProjectConfigurationPlatforms) = postSolution
		{5E8570A7-1EC5-44A1-A231-A53E463F4761}.Debug|Any CPU.ActiveCfg = Debug|Any CPU
		{5E8570A7-1EC5-44A1-A231-A53E463F4761}.Debug|Any CPU.Build.0 = Debug|Any CPU
		{5E8570A7-1EC5-44A1-A231-A53E463F4761}.Release|Any CPU.ActiveCfg = Release|Any CPU
		{5E8570A7-1EC5-44A1-A231-A53E463F4761}.Release|Any CPU.Build.0 = Release|Any CPU
		{ACDA5A04-3DE2-44F0-8C67-97F7DAC7D896}.Debug|Any CPU.ActiveCfg = Debug|Any CPU
		{ACDA5A04-3DE2-44F0-8C67-97F7DAC7D896}.Debug|Any CPU.Build.0 = Debug|Any CPU
		{ACDA5A04-3DE2-44F0-8C67-97F7DAC7D896}.Release|Any CPU.ActiveCfg = Release|Any CPU
		{ACDA5A04-3DE2-44F0-8C67-97F7DAC7D896}.Release|Any CPU.Build.0 = Release|Any CPU
		{C380E51D-A9F7-4FF1-BE41-EC1F42B4F394}.Debug|Any CPU.ActiveCfg = Debug|Any CPU
		{C380E51D-A9F7-4FF1-BE41-EC1F42B4F394}.Debug|Any CPU.Build.0 = Debug|Any CPU
		{C380E51D-A9F7-4FF1-BE41-EC1F42B4F394}.Release|Any CPU.ActiveCfg = Release|Any CPU
		{C380E51D-A9F7-4FF1-BE41-EC1F42B4F394}.Release|Any CPU.Build.0 = Release|Any CPU
		{7AF5C1C2-5413-4E65-A529-3DAC5C6E3078}.Debug|Any CPU.ActiveCfg = Debug|Any CPU
		{7AF5C1C2-5413-4E65-A529-3DAC5C6E3078}.Debug|Any CPU.Build.0 = Debug|Any CPU
		{7AF5C1C2-5413-4E65-A529-3DAC5C6E3078}.Release|Any CPU.ActiveCfg = Release|Any CPU
		{7AF5C1C2-5413-4E65-A529-3DAC5C6E3078}.Release|Any CPU.Build.0 = Release|Any CPU
	EndGlobalSection
	GlobalSection(SolutionProperties) = preSolution
		HideSolutionNode = FALSE
	EndGlobalSection
	GlobalSection(ExtensibilityGlobals) = postSolution
		SolutionGuid = {59D9F2B4-0FC2-4406-92E3-E87793383477}
	EndGlobalSection
EndGlobal
